// !$*UTF8*$!
{
	archiveVersion = 1;
	classes = {
	};
	objectVersion = 46;
	objects = {

/* Begin PBXBuildFile section */
		37903EB114642A5A007A0964 /* UIKit.framework in Frameworks */ = {isa = PBXBuildFile; fileRef = 37903EB014642A5A007A0964 /* UIKit.framework */; };
		37903EB314642A5A007A0964 /* Foundation.framework in Frameworks */ = {isa = PBXBuildFile; fileRef = 37903EB214642A5A007A0964 /* Foundation.framework */; };
		37903EB514642A5A007A0964 /* CoreGraphics.framework in Frameworks */ = {isa = PBXBuildFile; fileRef = 37903EB414642A5A007A0964 /* CoreGraphics.framework */; };
		37903EBB14642A5A007A0964 /* InfoPlist.strings in Resources */ = {isa = PBXBuildFile; fileRef = 37903EB914642A5A007A0964 /* InfoPlist.strings */; };
		37903EBE14642A5A007A0964 /* main.m in Sources */ = {isa = PBXBuildFile; fileRef = 37903EBD14642A5A007A0964 /* main.m */; };
		37903EC114642A5A007A0964 /* NSUserDefaults___TabbarAppDelegate.m in Sources */ = {isa = PBXBuildFile; fileRef = 37903EC014642A5A007A0964 /* NSUserDefaults___TabbarAppDelegate.m */; };
		37903EC414642A5A007A0964 /* MainWindow.xib in Resources */ = {isa = PBXBuildFile; fileRef = 37903EC214642A5A007A0964 /* MainWindow.xib */; };
		37903ED814643309007A0964 /* FirstView.m in Sources */ = {isa = PBXBuildFile; fileRef = 37903ED614643309007A0964 /* FirstView.m */; };
		37903ED914643309007A0964 /* FirstView.xib in Resources */ = {isa = PBXBuildFile; fileRef = 37903ED714643309007A0964 /* FirstView.xib */; };
		37903EDD14643313007A0964 /* SecondView.m in Sources */ = {isa = PBXBuildFile; fileRef = 37903EDB14643313007A0964 /* SecondView.m */; };
		37903EDE14643313007A0964 /* SecondView.xib in Resources */ = {isa = PBXBuildFile; fileRef = 37903EDC14643313007A0964 /* SecondView.xib */; };
/* End PBXBuildFile section */

/* Begin PBXFileReference section */
		37903EAC14642A5A007A0964 /* NSUserDefaults + Tabbar.app */ = {isa = PBXFileReference; explicitFileType = wrapper.application; includeInIndex = 0; path = "NSUserDefaults + Tabbar.app"; sourceTree = BUILT_PRODUCTS_DIR; };
		37903EB014642A5A007A0964 /* UIKit.framework */ = {isa = PBXFileReference; lastKnownFileType = wrapper.framework; name = UIKit.framework; path = System/Library/Frameworks/UIKit.framework; sourceTree = SDKROOT; };
		37903EB214642A5A007A0964 /* Foundation.framework */ = {isa = PBXFileReference; lastKnownFileType = wrapper.framework; name = Foundation.framework; path = System/Library/Frameworks/Foundation.framework; sourceTree = SDKROOT; };
		37903EB414642A5A007A0964 /* CoreGraphics.framework */ = {isa = PBXFileReference; lastKnownFileType = wrapper.framework; name = CoreGraphics.framework; path = System/Library/Frameworks/CoreGraphics.framework; sourceTree = SDKROOT; };
		37903EB814642A5A007A0964 /* NSUserDefaults + Tabbar-Info.plist */ = {isa = PBXFileReference; lastKnownFileType = text.plist.xml; path = "NSUserDefaults + Tabbar-Info.plist"; sourceTree = "<group>"; };
		37903EBA14642A5A007A0964 /* en */ = {isa = PBXFileReference; lastKnownFileType = text.plist.strings; name = en; path = en.lproj/InfoPlist.strings; sourceTree = "<group>"; };
		37903EBC14642A5A007A0964 /* NSUserDefaults + Tabbar-Prefix.pch */ = {isa = PBXFileReference; lastKnownFileType = sourcecode.c.h; path = "NSUserDefaults + Tabbar-Prefix.pch"; sourceTree = "<group>"; };
		37903EBD14642A5A007A0964 /* main.m */ = {isa = PBXFileReference; lastKnownFileType = sourcecode.c.objc; path = main.m; sourceTree = "<group>"; };
		37903EBF14642A5A007A0964 /* NSUserDefaults___TabbarAppDelegate.h */ = {isa = PBXFileReference; lastKnownFileType = sourcecode.c.h; path = "NSUserDefaults___TabbarAppDelegate.h"; sourceTree = "<group>"; };
		37903EC014642A5A007A0964 /* NSUserDefaults___TabbarAppDelegate.m */ = {isa = PBXFileReference; lastKnownFileType = sourcecode.c.objc; path = "NSUserDefaults___TabbarAppDelegate.m"; sourceTree = "<group>"; };
		37903EC314642A5A007A0964 /* en */ = {isa = PBXFileReference; lastKnownFileType = file.xib; name = en; path = en.lproj/MainWindow.xib; sourceTree = "<group>"; };
		37903ED514643309007A0964 /* FirstView.h */ = {isa = PBXFileReference; fileEncoding = 4; lastKnownFileType = sourcecode.c.h; path = FirstView.h; sourceTree = "<group>"; };
		37903ED614643309007A0964 /* FirstView.m */ = {isa = PBXFileReference; fileEncoding = 4; lastKnownFileType = sourcecode.c.objc; path = FirstView.m; sourceTree = "<group>"; };
		37903ED714643309007A0964 /* FirstView.xib */ = {isa = PBXFileReference; fileEncoding = 4; lastKnownFileType = file.xib; path = FirstView.xib; sourceTree = "<group>"; };
		37903EDA14643313007A0964 /* SecondView.h */ = {isa = PBXFileReference; fileEncoding = 4; lastKnownFileType = sourcecode.c.h; path = SecondView.h; sourceTree = "<group>"; };
		37903EDB14643313007A0964 /* SecondView.m */ = {isa = PBXFileReference; fileEncoding = 4; lastKnownFileType = sourcecode.c.objc; path = SecondView.m; sourceTree = "<group>"; };
		37903EDC14643313007A0964 /* SecondView.xib */ = {isa = PBXFileReference; fileEncoding = 4; lastKnownFileType = file.xib; path = SecondView.xib; sourceTree = "<group>"; };
/* End PBXFileReference section */

/* Begin PBXFrameworksBuildPhase section */
		37903EA914642A5A007A0964 /* Frameworks */ = {
			isa = PBXFrameworksBuildPhase;
			buildActionMask = 2147483647;
			files = (
				37903EB114642A5A007A0964 /* UIKit.framework in Frameworks */,
				37903EB314642A5A007A0964 /* Foundation.framework in Frameworks */,
				37903EB514642A5A007A0964 /* CoreGraphics.framework in Frameworks */,
			);
			runOnlyForDeploymentPostprocessing = 0;
		};
/* End PBXFrameworksBuildPhase section */

/* Begin PBXGroup section */
		37903EA114642A5A007A0964 = {
			isa = PBXGroup;
			children = (
				37903EB614642A5A007A0964 /* NSUserDefaults + Tabbar */,
				37903EAF14642A5A007A0964 /* Frameworks */,
				37903EAD14642A5A007A0964 /* Products */,
			);
			sourceTree = "<group>";
		};
		37903EAD14642A5A007A0964 /* Products */ = {
			isa = PBXGroup;
			children = (
				37903EAC14642A5A007A0964 /* NSUserDefaults + Tabbar.app */,
			);
			name = Products;
			sourceTree = "<group>";
		};
		37903EAF14642A5A007A0964 /* Frameworks */ = {
			isa = PBXGroup;
			children = (
				37903EB014642A5A007A0964 /* UIKit.framework */,
				37903EB214642A5A007A0964 /* Foundation.framework */,
				37903EB414642A5A007A0964 /* CoreGraphics.framework */,
			);
			name = Frameworks;
			sourceTree = "<group>";
		};
		37903EB614642A5A007A0964 /* NSUserDefaults + Tabbar */ = {
			isa = PBXGroup;
			children = (
				37903EBF14642A5A007A0964 /* NSUserDefaults___TabbarAppDelegate.h */,
				37903EC014642A5A007A0964 /* NSUserDefaults___TabbarAppDelegate.m */,
				37903ED514643309007A0964 /* FirstView.h */,
				37903ED614643309007A0964 /* FirstView.m */,
				37903ED714643309007A0964 /* FirstView.xib */,
				37903EDA14643313007A0964 /* SecondView.h */,
				37903EDB14643313007A0964 /* SecondView.m */,
				37903EDC14643313007A0964 /* SecondView.xib */,
				37903EC214642A5A007A0964 /* MainWindow.xib */,
				37903EB714642A5A007A0964 /* Supporting Files */,
			);
			path = "NSUserDefaults + Tabbar";
			sourceTree = "<group>";
		};
		37903EB714642A5A007A0964 /* Supporting Files */ = {
			isa = PBXGroup;
			children = (
				37903EB814642A5A007A0964 /* NSUserDefaults + Tabbar-Info.plist */,
				37903EB914642A5A007A0964 /* InfoPlist.strings */,
				37903EBC14642A5A007A0964 /* NSUserDefaults + Tabbar-Prefix.pch */,
				37903EBD14642A5A007A0964 /* main.m */,
			);
			name = "Supporting Files";
			sourceTree = "<group>";
		};
/* End PBXGroup section */

/* Begin PBXNativeTarget section */
		37903EAB14642A5A007A0964 /* NSUserDefaults + Tabbar */ = {
			isa = PBXNativeTarget;
			buildConfigurationList = 37903EC714642A5A007A0964 /* Build configuration list for PBXNativeTarget "NSUserDefaults + Tabbar" */;
			buildPhases = (
				37903EA814642A5A007A0964 /* Sources */,
				37903EA914642A5A007A0964 /* Frameworks */,
				37903EAA14642A5A007A0964 /* Resources */,
			);
			buildRules = (
			);
			dependencies = (
			);
			name = "NSUserDefaults + Tabbar";
			productName = "NSUserDefaults + Tabbar";
			productReference = 37903EAC14642A5A007A0964 /* NSUserDefaults + Tabbar.app */;
			productType = "com.apple.product-type.application";
		};
/* End PBXNativeTarget section */

/* Begin PBXProject section */
		37903EA314642A5A007A0964 /* Project object */ = {
			isa = PBXProject;
			buildConfigurationList = 37903EA614642A5A007A0964 /* Build configuration list for PBXProject "NSUserDefaults + Tabbar" */;
			compatibilityVersion = "Xcode 3.2";
			developmentRegion = English;
			hasScannedForEncodings = 0;
			knownRegions = (
				en,
			);
			mainGroup = 37903EA114642A5A007A0964;
			productRefGroup = 37903EAD14642A5A007A0964 /* Products */;
			projectDirPath = "";
			projectRoot = "";
			targets = (
				37903EAB14642A5A007A0964 /* NSUserDefaults + Tabbar */,
			);
		};
/* End PBXProject section */

/* Begin PBXResourcesBuildPhase section */
		37903EAA14642A5A007A0964 /* Resources */ = {
			isa = PBXResourcesBuildPhase;
			buildActionMask = 2147483647;
			files = (
				37903EBB14642A5A007A0964 /* InfoPlist.strings in Resources */,
				37903EC414642A5A007A0964 /* MainWindow.xib in Resources */,
				37903ED914643309007A0964 /* FirstView.xib in Resources */,
				37903EDE14643313007A0964 /* SecondView.xib in Resources */,
			);
			runOnlyForDeploymentPostprocessing = 0;
		};
/* End PBXResourcesBuildPhase section */

/* Begin PBXSourcesBuildPhase section */
		37903EA814642A5A007A0964 /* Sources */ = {
			isa = PBXSourcesBuildPhase;
			buildActionMask = 2147483647;
			files = (
				37903EBE14642A5A007A0964 /* main.m in Sources */,
				37903EC114642A5A007A0964 /* NSUserDefaults___TabbarAppDelegate.m in Sources */,
				37903ED814643309007A0964 /* FirstView.m in Sources */,
				37903EDD14643313007A0964 /* SecondView.m in Sources */,
			);
			runOnlyForDeploymentPostprocessing = 0;
		};
/* End PBXSourcesBuildPhase section */

/* Begin PBXVariantGroup section */
		37903EB914642A5A007A0964 /* InfoPlist.strings */ = {
			isa = PBXVariantGroup;
			children = (
				37903EBA14642A5A007A0964 /* en */,
			);
			name = InfoPlist.strings;
			sourceTree = "<group>";
		};
		37903EC214642A5A007A0964 /* MainWindow.xib */ = {
			isa = PBXVariantGroup;
			children = (
				37903EC314642A5A007A0964 /* en */,
			);
			name = MainWindow.xib;
			sourceTree = "<group>";
		};
/* End PBXVariantGroup section */

/* Begin XCBuildConfiguration section */
		37903EC514642A5A007A0964 /* Debug */ = {
			isa = XCBuildConfiguration;
			buildSettings = {
				ARCHS = "$(ARCHS_STANDARD_32_BIT)";
				"CODE_SIGN_IDENTITY[sdk=iphoneos*]" = "iPhone Developer";
				GCC_C_LANGUAGE_STANDARD = gnu99;
				GCC_OPTIMIZATION_LEVEL = 0;
				GCC_PREPROCESSOR_DEFINITIONS = DEBUG;
				GCC_SYMBOLS_PRIVATE_EXTERN = NO;
				GCC_VERSION = com.apple.compilers.llvmgcc42;
				GCC_WARN_ABOUT_RETURN_TYPE = YES;
				GCC_WARN_UNUSED_VARIABLE = YES;
				IPHONEOS_DEPLOYMENT_TARGET = 4.3;
				SDKROOT = iphoneos;
			};
			name = Debug;
		};
		37903EC614642A5A007A0964 /* Release */ = {
			isa = XCBuildConfiguration;
			buildSettings = {
				ARCHS = "$(ARCHS_STANDARD_32_BIT)";
				"CODE_SIGN_IDENTITY[sdk=iphoneos*]" = "iPhone Developer";
				GCC_C_LANGUAGE_STANDARD = gnu99;
				GCC_VERSION = com.apple.compilers.llvmgcc42;
				GCC_WARN_ABOUT_RETURN_TYPE = YES;
				GCC_WARN_UNUSED_VARIABLE = YES;
				IPHONEOS_DEPLOYMENT_TARGET = 4.3;
				OTHER_CFLAGS = "-DNS_BLOCK_ASSERTIONS=1";
				SDKROOT = iphoneos;
			};
			name = Release;
		};
		37903EC814642A5A007A0964 /* Debug */ = {
			isa = XCBuildConfiguration;
			buildSettings = {
				ALWAYS_SEARCH_USER_PATHS = NO;
				COPY_PHASE_STRIP = NO;
				GCC_DYNAMIC_NO_PIC = NO;
				GCC_PRECOMPILE_PREFIX_HEADER = YES;
				GCC_PREFIX_HEADER = "NSUserDefaults + Tabbar/NSUserDefaults + Tabbar-Prefix.pch";
				INFOPLIST_FILE = "NSUserDefaults + Tabbar/NSUserDefaults + Tabbar-Info.plist";
				PRODUCT_NAME = "$(TARGET_NAME)";
				WRAPPER_EXTENSION = app;
			};
			name = Debug;
		};
		37903EC914642A5A007A0964 /* Release */ = {
			isa = XCBuildConfiguration;
			buildSettings = {
				ALWAYS_SEARCH_USER_PATHS = NO;
				COPY_PHASE_STRIP = YES;
				GCC_PRECOMPILE_PREFIX_HEADER = YES;
				GCC_PREFIX_HEADER = "NSUserDefaults + Tabbar/NSUserDefaults + Tabbar-Prefix.pch";
				INFOPLIST_FILE = "NSUserDefaults + Tabbar/NSUserDefaults + Tabbar-Info.plist";
				PRODUCT_NAME = "$(TARGET_NAME)";
				VALIDATE_PRODUCT = YES;
				WRAPPER_EXTENSION = app;
			};
			name = Release;
		};
/* End XCBuildConfiguration section */

/* Begin XCConfigurationList section */
		37903EA614642A5A007A0964 /* Build configuration list for PBXProject "NSUserDefaults + Tabbar" */ = {
			isa = XCConfigurationList;
			buildConfigurations = (
				37903EC514642A5A007A0964 /* Debug */,
				37903EC614642A5A007A0964 /* Release */,
			);
			defaultConfigurationIsVisible = 0;
			defaultConfigurationName = Release;
		};
		37903EC714642A5A007A0964 /* Build configuration list for PBXNativeTarget "NSUserDefaults + Tabbar" */ = {
			isa = XCConfigurationList;
			buildConfigurations = (
				37903EC814642A5A007A0964 /* Debug */,
				37903EC914642A5A007A0964 /* Release */,
			);
			defaultConfigurationIsVisible = 0;
		};
/* End XCConfigurationList section */
	};
	rootObject = 37903EA314642A5A007A0964 /* Project object */;
}
